
Microsoft Visual Studio Solution File, Format Version 12.00
# Visual Studio Version 17
VisualStudioVersion = 17.3.32929.385
MinimumVisualStudioVersion = 10.0.40219.1
Project("{FAE04EC0-301F-11D3-BF4B-00C04F79EFBC}") = "DataLayer", "DataLayer\DataLayer.csproj", "{C3762BBB-291D-4805-B2B5-7B0C0934CCF3}"
EndProject
Project("{FAE04EC0-301F-11D3-BF4B-00C04F79EFBC}") = "BusinessLayer", "BusinessLayer\BusinessLayer.csproj", "{869A5D02-824F-43A2-863E-53AE563DD4E8}"
EndProject
Project("{FAE04EC0-301F-11D3-BF4B-00C04F79EFBC}") = "HRM", "HRM\HRM.csproj", "{03161846-3411-4B15-B4D5-8CCF04CFCF9D}"
EndProject
Global
	GlobalSection(SolutionConfigurationPlatforms) = preSolution
		Debug|Any CPU = Debug|Any CPU
		Release|Any CPU = Release|Any CPU
	EndGlobalSection
	GlobalSection(ProjectConfigurationPlatforms) = postSolution
		{C3762BBB-291D-4805-B2B5-7B0C0934CCF3}.Debug|Any CPU.ActiveCfg = Debug|Any CPU
		{C3762BBB-291D-4805-B2B5-7B0C0934CCF3}.Debug|Any CPU.Build.0 = Debug|Any CPU
		{C3762BBB-291D-4805-B2B5-7B0C0934CCF3}.Release|Any CPU.ActiveCfg = Release|Any CPU
		{C3762BBB-291D-4805-B2B5-7B0C0934CCF3}.Release|Any CPU.Build.0 = Release|Any CPU
		{869A5D02-824F-43A2-863E-53AE563DD4E8}.Debug|Any CPU.ActiveCfg = Debug|Any CPU
		{869A5D02-824F-43A2-863E-53AE563DD4E8}.Debug|Any CPU.Build.0 = Debug|Any CPU
		{869A5D02-824F-43A2-863E-53AE563DD4E8}.Release|Any CPU.ActiveCfg = Release|Any CPU
		{869A5D02-824F-43A2-863E-53AE563DD4E8}.Release|Any CPU.Build.0 = Release|Any CPU
		{03161846-3411-4B15-B4D5-8CCF04CFCF9D}.Debug|Any CPU.ActiveCfg = Debug|Any CPU
		{03161846-3411-4B15-B4D5-8CCF04CFCF9D}.Debug|Any CPU.Build.0 = Debug|Any CPU
		{03161846-3411-4B15-B4D5-8CCF04CFCF9D}.Release|Any CPU.ActiveCfg = Release|Any CPU
		{03161846-3411-4B15-B4D5-8CCF04CFCF9D}.Release|Any CPU.Build.0 = Release|Any CPU
	EndGlobalSection
	GlobalSection(SolutionProperties) = preSolution
		HideSolutionNode = FALSE
	EndGlobalSection
	GlobalSection(ExtensibilityGlobals) = postSolution
		SolutionGuid = {D404D3D4-3939-413D-A08B-9D2727B7EDB4}
	EndGlobalSection
EndGlobal
